// !$*UTF8*$!
{
	archiveVersion = 1;
	classes = {
	};
	objectVersion = 50;
	objects = {

/* Begin PBXBuildFile section */
		1B04A63C4D78BC22C046D24D /* Pods_CS_Homepage.framework in Frameworks */ = {isa = PBXBuildFile; fileRef = 52DDEAC5D5F6014E241B5784 /* Pods_CS_Homepage.framework */; };
		BA0DF52A219D95BB00642537 /* HomePageViewController.swift in Sources */ = {isa = PBXBuildFile; fileRef = BA0DF529219D95BB00642537 /* HomePageViewController.swift */; };
		BA0DF52C219D9C1E00642537 /* UIButton.swift in Sources */ = {isa = PBXBuildFile; fileRef = BA0DF52B219D9C1E00642537 /* UIButton.swift */; };
		BA0DF530219DABB000642537 /* InstructorTableViewCell.swift in Sources */ = {isa = PBXBuildFile; fileRef = BA0DF52E219DABB000642537 /* InstructorTableViewCell.swift */; };
		BA0DF531219DABB000642537 /* InstructorTableViewCell.xib in Resources */ = {isa = PBXBuildFile; fileRef = BA0DF52F219DABB000642537 /* InstructorTableViewCell.xib */; };
		BA0DF534219DAF8A00642537 /* instructors.json in Resources */ = {isa = PBXBuildFile; fileRef = BA0DF533219DAF8A00642537 /* instructors.json */; };
		BA0DF537219DB87900642537 /* FacultyViewController.swift in Sources */ = {isa = PBXBuildFile; fileRef = BA0DF536219DB87900642537 /* FacultyViewController.swift */; };
		BA0DF539219DB88D00642537 /* DirectorMsgViewController.swift in Sources */ = {isa = PBXBuildFile; fileRef = BA0DF538219DB88D00642537 /* DirectorMsgViewController.swift */; };
		BA0DF53D219DBD9C00642537 /* AboutHkuViewController.swift in Sources */ = {isa = PBXBuildFile; fileRef = BA0DF53C219DBD9C00642537 /* AboutHkuViewController.swift */; };
		BA0DF540219DBF9D00642537 /* StringUtility.swift in Sources */ = {isa = PBXBuildFile; fileRef = BA0DF53F219DBF9D00642537 /* StringUtility.swift */; };
		BA0DF542219DBFD500642537 /* String.plist in Resources */ = {isa = PBXBuildFile; fileRef = BA0DF541219DBFD500642537 /* String.plist */; };
		BA0DF545219DC94D00642537 /* SubmenuTableViewCell.swift in Sources */ = {isa = PBXBuildFile; fileRef = BA0DF543219DC94D00642537 /* SubmenuTableViewCell.swift */; };
		BA0DF546219DC94D00642537 /* SubmenuTableViewCell.xib in Resources */ = {isa = PBXBuildFile; fileRef = BA0DF544219DC94D00642537 /* SubmenuTableViewCell.xib */; };
		BA0DF548219DCB6300642537 /* menu.json in Resources */ = {isa = PBXBuildFile; fileRef = BA0DF547219DCB6300642537 /* menu.json */; };
		BA0DF54B219DCD4100642537 /* SubmenuViewController.swift in Sources */ = {isa = PBXBuildFile; fileRef = BA0DF549219DCD4100642537 /* SubmenuViewController.swift */; };
		BA0DF54E219E8AFF00642537 /* UILabel.swift in Sources */ = {isa = PBXBuildFile; fileRef = BA0DF54D219E8AFF00642537 /* UILabel.swift */; };
		BAFF5067219D3DA900F2A848 /* AppDelegate.swift in Sources */ = {isa = PBXBuildFile; fileRef = BAFF5066219D3DA900F2A848 /* AppDelegate.swift */; };
		BAFF5069219D3DA900F2A848 /* ViewController.swift in Sources */ = {isa = PBXBuildFile; fileRef = BAFF5068219D3DA900F2A848 /* ViewController.swift */; };
		BAFF506C219D3DA900F2A848 /* Main.storyboard in Resources */ = {isa = PBXBuildFile; fileRef = BAFF506A219D3DA900F2A848 /* Main.storyboard */; };
		BAFF506E219D3DAA00F2A848 /* Assets.xcassets in Resources */ = {isa = PBXBuildFile; fileRef = BAFF506D219D3DAA00F2A848 /* Assets.xcassets */; };
		BAFF5071219D3DAA00F2A848 /* LaunchScreen.storyboard in Resources */ = {isa = PBXBuildFile; fileRef = BAFF506F219D3DAA00F2A848 /* LaunchScreen.storyboard */; };
		BAFF507D219D46E800F2A848 /* SideMenuViewController.swift in Sources */ = {isa = PBXBuildFile; fileRef = BAFF507C219D46E800F2A848 /* SideMenuViewController.swift */; };
		BAFF5086219D563900F2A848 /* CircularRevealTransitionAnimator.swift in Sources */ = {isa = PBXBuildFile; fileRef = BAFF5085219D563900F2A848 /* CircularRevealTransitionAnimator.swift */; };
		BAFF5088219D564D00F2A848 /* CircularRevealAnimator.swift in Sources */ = {isa = PBXBuildFile; fileRef = BAFF5087219D564D00F2A848 /* CircularRevealAnimator.swift */; };
		BAFF508A219D566600F2A848 /* AnimationDelegate.swift in Sources */ = {isa = PBXBuildFile; fileRef = BAFF5089219D566600F2A848 /* AnimationDelegate.swift */; };
		BAFF508E219D62AC00F2A848 /* UITableViewCell.swift in Sources */ = {isa = PBXBuildFile; fileRef = BAFF508D219D62AC00F2A848 /* UITableViewCell.swift */; };
/* End PBXBuildFile section */

/* Begin PBXFileReference section */
		52DDEAC5D5F6014E241B5784 /* Pods_CS_Homepage.framework */ = {isa = PBXFileReference; explicitFileType = wrapper.framework; includeInIndex = 0; path = Pods_CS_Homepage.framework; sourceTree = BUILT_PRODUCTS_DIR; };
		A4165A733891E935E5879A13 /* Pods-CS_Homepage.release.xcconfig */ = {isa = PBXFileReference; includeInIndex = 1; lastKnownFileType = text.xcconfig; name = "Pods-CS_Homepage.release.xcconfig"; path = "Pods/Target Support Files/Pods-CS_Homepage/Pods-CS_Homepage.release.xcconfig"; sourceTree = "<group>"; };
		BA0DF529219D95BB00642537 /* HomePageViewController.swift */ = {isa = PBXFileReference; lastKnownFileType = sourcecode.swift; path = HomePageViewController.swift; sourceTree = "<group>"; };
		BA0DF52B219D9C1E00642537 /* UIButton.swift */ = {isa = PBXFileReference; lastKnownFileType = sourcecode.swift; path = UIButton.swift; sourceTree = "<group>"; };
		BA0DF52E219DABB000642537 /* InstructorTableViewCell.swift */ = {isa = PBXFileReference; lastKnownFileType = sourcecode.swift; path = InstructorTableViewCell.swift; sourceTree = "<group>"; };
		BA0DF52F219DABB000642537 /* InstructorTableViewCell.xib */ = {isa = PBXFileReference; lastKnownFileType = file.xib; path = InstructorTableViewCell.xib; sourceTree = "<group>"; };
		BA0DF533219DAF8A00642537 /* instructors.json */ = {isa = PBXFileReference; lastKnownFileType = text.json; path = instructors.json; sourceTree = "<group>"; };
		BA0DF536219DB87900642537 /* FacultyViewController.swift */ = {isa = PBXFileReference; fileEncoding = 4; lastKnownFileType = sourcecode.swift; path = FacultyViewController.swift; sourceTree = "<group>"; };
		BA0DF538219DB88D00642537 /* DirectorMsgViewController.swift */ = {isa = PBXFileReference; lastKnownFileType = sourcecode.swift; path = DirectorMsgViewController.swift; sourceTree = "<group>"; };
		BA0DF53C219DBD9C00642537 /* AboutHkuViewController.swift */ = {isa = PBXFileReference; lastKnownFileType = sourcecode.swift; path = AboutHkuViewController.swift; sourceTree = "<group>"; };
		BA0DF53F219DBF9D00642537 /* StringUtility.swift */ = {isa = PBXFileReference; lastKnownFileType = sourcecode.swift; path = StringUtility.swift; sourceTree = "<group>"; };
		BA0DF541219DBFD500642537 /* String.plist */ = {isa = PBXFileReference; lastKnownFileType = text.plist.xml; path = String.plist; sourceTree = "<group>"; };
		BA0DF543219DC94D00642537 /* SubmenuTableViewCell.swift */ = {isa = PBXFileReference; lastKnownFileType = sourcecode.swift; path = SubmenuTableViewCell.swift; sourceTree = "<group>"; };
		BA0DF544219DC94D00642537 /* SubmenuTableViewCell.xib */ = {isa = PBXFileReference; lastKnownFileType = file.xib; path = SubmenuTableViewCell.xib; sourceTree = "<group>"; };
		BA0DF547219DCB6300642537 /* menu.json */ = {isa = PBXFileReference; lastKnownFileType = text.json; path = menu.json; sourceTree = "<group>"; };
		BA0DF549219DCD4100642537 /* SubmenuViewController.swift */ = {isa = PBXFileReference; lastKnownFileType = sourcecode.swift; path = SubmenuViewController.swift; sourceTree = "<group>"; };
		BA0DF54D219E8AFF00642537 /* UILabel.swift */ = {isa = PBXFileReference; lastKnownFileType = sourcecode.swift; path = UILabel.swift; sourceTree = "<group>"; };
		BAFF5063219D3DA900F2A848 /* CS_Homepage.app */ = {isa = PBXFileReference; explicitFileType = wrapper.application; includeInIndex = 0; path = CS_Homepage.app; sourceTree = BUILT_PRODUCTS_DIR; };
		BAFF5066219D3DA900F2A848 /* AppDelegate.swift */ = {isa = PBXFileReference; lastKnownFileType = sourcecode.swift; path = AppDelegate.swift; sourceTree = "<group>"; };
		BAFF5068219D3DA900F2A848 /* ViewController.swift */ = {isa = PBXFileReference; lastKnownFileType = sourcecode.swift; path = ViewController.swift; sourceTree = "<group>"; };
		BAFF506B219D3DA900F2A848 /* Base */ = {isa = PBXFileReference; lastKnownFileType = file.storyboard; name = Base; path = Base.lproj/Main.storyboard; sourceTree = "<group>"; };
		BAFF506D219D3DAA00F2A848 /* Assets.xcassets */ = {isa = PBXFileReference; lastKnownFileType = folder.assetcatalog; path = Assets.xcassets; sourceTree = "<group>"; };
		BAFF5070219D3DAA00F2A848 /* Base */ = {isa = PBXFileReference; lastKnownFileType = file.storyboard; name = Base; path = Base.lproj/LaunchScreen.storyboard; sourceTree = "<group>"; };
		BAFF5072219D3DAA00F2A848 /* Info.plist */ = {isa = PBXFileReference; lastKnownFileType = text.plist.xml; path = Info.plist; sourceTree = "<group>"; };
		BAFF507C219D46E800F2A848 /* SideMenuViewController.swift */ = {isa = PBXFileReference; fileEncoding = 4; lastKnownFileType = sourcecode.swift; path = SideMenuViewController.swift; sourceTree = "<group>"; };
		BAFF5085219D563900F2A848 /* CircularRevealTransitionAnimator.swift */ = {isa = PBXFileReference; fileEncoding = 4; lastKnownFileType = sourcecode.swift; path = CircularRevealTransitionAnimator.swift; sourceTree = "<group>"; };
		BAFF5087219D564D00F2A848 /* CircularRevealAnimator.swift */ = {isa = PBXFileReference; lastKnownFileType = sourcecode.swift; path = CircularRevealAnimator.swift; sourceTree = "<group>"; };
		BAFF5089219D566600F2A848 /* AnimationDelegate.swift */ = {isa = PBXFileReference; lastKnownFileType = sourcecode.swift; path = AnimationDelegate.swift; sourceTree = "<group>"; };
		BAFF508D219D62AC00F2A848 /* UITableViewCell.swift */ = {isa = PBXFileReference; lastKnownFileType = sourcecode.swift; path = UITableViewCell.swift; sourceTree = "<group>"; };
		CEED484590CD9B0AD87F0587 /* Pods-CS_Homepage.debug.xcconfig */ = {isa = PBXFileReference; includeInIndex = 1; lastKnownFileType = text.xcconfig; name = "Pods-CS_Homepage.debug.xcconfig"; path = "Pods/Target Support Files/Pods-CS_Homepage/Pods-CS_Homepage.debug.xcconfig"; sourceTree = "<group>"; };
/* End PBXFileReference section */

/* Begin PBXFrameworksBuildPhase section */
		BAFF5060219D3DA900F2A848 /* Frameworks */ = {
			isa = PBXFrameworksBuildPhase;
			buildActionMask = 2147483647;
			files = (
				1B04A63C4D78BC22C046D24D /* Pods_CS_Homepage.framework in Frameworks */,
			);
			runOnlyForDeploymentPostprocessing = 0;
		};
/* End PBXFrameworksBuildPhase section */

/* Begin PBXGroup section */
		7F44D1D36BFB0A4423854DE4 /* Pods */ = {
			isa = PBXGroup;
			children = (
				CEED484590CD9B0AD87F0587 /* Pods-CS_Homepage.debug.xcconfig */,
				A4165A733891E935E5879A13 /* Pods-CS_Homepage.release.xcconfig */,
			);
			name = Pods;
			sourceTree = "<group>";
		};
		BA0DF52D219DAB9100642537 /* TableViewCell */ = {
			isa = PBXGroup;
			children = (
				BA0DF52E219DABB000642537 /* InstructorTableViewCell.swift */,
				BA0DF52F219DABB000642537 /* InstructorTableViewCell.xib */,
				BA0DF543219DC94D00642537 /* SubmenuTableViewCell.swift */,
				BA0DF544219DC94D00642537 /* SubmenuTableViewCell.xib */,
			);
			path = TableViewCell;
			sourceTree = "<group>";
		};
		BA0DF532219DAF6300642537 /* data */ = {
			isa = PBXGroup;
			children = (
				BA0DF533219DAF8A00642537 /* instructors.json */,
				BA0DF547219DCB6300642537 /* menu.json */,
			);
			path = data;
			sourceTree = "<group>";
		};
		BA0DF535219DB87900642537 /* About */ = {
			isa = PBXGroup;
			children = (
				BA0DF536219DB87900642537 /* FacultyViewController.swift */,
				BA0DF538219DB88D00642537 /* DirectorMsgViewController.swift */,
				BA0DF53C219DBD9C00642537 /* AboutHkuViewController.swift */,
			);
			path = About;
			sourceTree = "<group>";
		};
		BA0DF53E219DBF8B00642537 /* Utility */ = {
			isa = PBXGroup;
			children = (
				BA0DF53F219DBF9D00642537 /* StringUtility.swift */,
			);
			path = Utility;
			sourceTree = "<group>";
		};
		BAFF505A219D3DA900F2A848 = {
			isa = PBXGroup;
			children = (
				BAFF5065219D3DA900F2A848 /* CS_Homepage */,
				BAFF5064219D3DA900F2A848 /* Products */,
				7F44D1D36BFB0A4423854DE4 /* Pods */,
				F0C0AA906C1A1F1910F746BC /* Frameworks */,
			);
			sourceTree = "<group>";
		};
		BAFF5064219D3DA900F2A848 /* Products */ = {
			isa = PBXGroup;
			children = (
				BAFF5063219D3DA900F2A848 /* CS_Homepage.app */,
			);
			name = Products;
			sourceTree = "<group>";
		};
		BAFF5065219D3DA900F2A848 /* CS_Homepage */ = {
			isa = PBXGroup;
			children = (
				BA0DF53E219DBF8B00642537 /* Utility */,
				BA0DF535219DB87900642537 /* About */,
				BA0DF532219DAF6300642537 /* data */,
				BA0DF52D219DAB9100642537 /* TableViewCell */,
				BAFF508C219D627C00F2A848 /* Extension */,
				BAFF5084219D563900F2A848 /* Animator */,
				BAFF507B219D46E800F2A848 /* SideMenu */,
				BAFF5066219D3DA900F2A848 /* AppDelegate.swift */,
				BAFF5068219D3DA900F2A848 /* ViewController.swift */,
				BA0DF549219DCD4100642537 /* SubmenuViewController.swift */,
				BAFF506A219D3DA900F2A848 /* Main.storyboard */,
				BAFF506D219D3DAA00F2A848 /* Assets.xcassets */,
				BAFF506F219D3DAA00F2A848 /* LaunchScreen.storyboard */,
				BAFF5072219D3DAA00F2A848 /* Info.plist */,
				BA0DF529219D95BB00642537 /* HomePageViewController.swift */,
				BA0DF541219DBFD500642537 /* String.plist */,
			);
			path = CS_Homepage;
			sourceTree = "<group>";
		};
		BAFF507B219D46E800F2A848 /* SideMenu */ = {
			isa = PBXGroup;
			children = (
				BAFF507C219D46E800F2A848 /* SideMenuViewController.swift */,
			);
			path = SideMenu;
			sourceTree = "<group>";
		};
		BAFF5084219D563900F2A848 /* Animator */ = {
			isa = PBXGroup;
			children = (
				BAFF5085219D563900F2A848 /* CircularRevealTransitionAnimator.swift */,
				BAFF5087219D564D00F2A848 /* CircularRevealAnimator.swift */,
				BAFF5089219D566600F2A848 /* AnimationDelegate.swift */,
			);
			path = Animator;
			sourceTree = "<group>";
		};
		BAFF508C219D627C00F2A848 /* Extension */ = {
			isa = PBXGroup;
			children = (
				BAFF508D219D62AC00F2A848 /* UITableViewCell.swift */,
				BA0DF52B219D9C1E00642537 /* UIButton.swift */,
				BA0DF54D219E8AFF00642537 /* UILabel.swift */,
			);
			path = Extension;
			sourceTree = "<group>";
		};
		F0C0AA906C1A1F1910F746BC /* Frameworks */ = {
			isa = PBXGroup;
			children = (
				52DDEAC5D5F6014E241B5784 /* Pods_CS_Homepage.framework */,
			);
			name = Frameworks;
			sourceTree = "<group>";
		};
/* End PBXGroup section */

/* Begin PBXNativeTarget section */
		BAFF5062219D3DA900F2A848 /* CS_Homepage */ = {
			isa = PBXNativeTarget;
			buildConfigurationList = BAFF5075219D3DAA00F2A848 /* Build configuration list for PBXNativeTarget "CS_Homepage" */;
			buildPhases = (
				20D0CEDDC52E3075DA5D4317 /* [CP] Check Pods Manifest.lock */,
				BAFF505F219D3DA900F2A848 /* Sources */,
				BAFF5060219D3DA900F2A848 /* Frameworks */,
				BAFF5061219D3DA900F2A848 /* Resources */,
				7E35A90B8F79048C4B6DCE56 /* [CP] Embed Pods Frameworks */,
			);
			buildRules = (
			);
			dependencies = (
			);
			name = CS_Homepage;
			productName = CS_Homepage;
			productReference = BAFF5063219D3DA900F2A848 /* CS_Homepage.app */;
			productType = "com.apple.product-type.application";
		};
/* End PBXNativeTarget section */

/* Begin PBXProject section */
		BAFF505B219D3DA900F2A848 /* Project object */ = {
			isa = PBXProject;
			attributes = {
				LastSwiftUpdateCheck = 1000;
				LastUpgradeCheck = 1000;
				ORGANIZATIONNAME = "Jenny ZHANG";
				TargetAttributes = {
					BAFF5062219D3DA900F2A848 = {
						CreatedOnToolsVersion = 10.0;
					};
				};
			};
			buildConfigurationList = BAFF505E219D3DA900F2A848 /* Build configuration list for PBXProject "CS_Homepage" */;
			compatibilityVersion = "Xcode 9.3";
			developmentRegion = en;
			hasScannedForEncodings = 0;
			knownRegions = (
				en,
				Base,
			);
			mainGroup = BAFF505A219D3DA900F2A848;
			productRefGroup = BAFF5064219D3DA900F2A848 /* Products */;
			projectDirPath = "";
			projectRoot = "";
			targets = (
				BAFF5062219D3DA900F2A848 /* CS_Homepage */,
			);
		};
/* End PBXProject section */

/* Begin PBXResourcesBuildPhase section */
		BAFF5061219D3DA900F2A848 /* Resources */ = {
			isa = PBXResourcesBuildPhase;
			buildActionMask = 2147483647;
			files = (
				BA0DF534219DAF8A00642537 /* instructors.json in Resources */,
				BA0DF546219DC94D00642537 /* SubmenuTableViewCell.xib in Resources */,
				BA0DF531219DABB000642537 /* InstructorTableViewCell.xib in Resources */,
				BAFF5071219D3DAA00F2A848 /* LaunchScreen.storyboard in Resources */,
				BAFF506E219D3DAA00F2A848 /* Assets.xcassets in Resources */,
				BAFF506C219D3DA900F2A848 /* Main.storyboard in Resources */,
				BA0DF548219DCB6300642537 /* menu.json in Resources */,
				BA0DF542219DBFD500642537 /* String.plist in Resources */,
			);
			runOnlyForDeploymentPostprocessing = 0;
		};
/* End PBXResourcesBuildPhase section */

/* Begin PBXShellScriptBuildPhase section */
		20D0CEDDC52E3075DA5D4317 /* [CP] Check Pods Manifest.lock */ = {
			isa = PBXShellScriptBuildPhase;
			buildActionMask = 2147483647;
			files = (
			);
			inputFileListPaths = (
			);
			inputPaths = (
				"${PODS_PODFILE_DIR_PATH}/Podfile.lock",
				"${PODS_ROOT}/Manifest.lock",
			);
			name = "[CP] Check Pods Manifest.lock";
			outputFileListPaths = (
			);
			outputPaths = (
				"$(DERIVED_FILE_DIR)/Pods-CS_Homepage-checkManifestLockResult.txt",
			);
			runOnlyForDeploymentPostprocessing = 0;
			shellPath = /bin/sh;
			shellScript = "diff \"${PODS_PODFILE_DIR_PATH}/Podfile.lock\" \"${PODS_ROOT}/Manifest.lock\" > /dev/null\nif [ $? != 0 ] ; then\n    # print error to STDERR\n    echo \"error: The sandbox is not in sync with the Podfile.lock. Run 'pod install' or update your CocoaPods installation.\" >&2\n    exit 1\nfi\n# This output is used by Xcode 'outputs' to avoid re-running this script phase.\necho \"SUCCESS\" > \"${SCRIPT_OUTPUT_FILE_0}\"\n";
			showEnvVarsInLog = 0;
		};
		7E35A90B8F79048C4B6DCE56 /* [CP] Embed Pods Frameworks */ = {
			isa = PBXShellScriptBuildPhase;
			buildActionMask = 2147483647;
			files = (
			);
			inputFileListPaths = (
			);
			inputPaths = (
				"${SRCROOT}/Pods/Target Support Files/Pods-CS_Homepage/Pods-CS_Homepage-frameworks.sh",
				"${BUILT_PRODUCTS_DIR}/YALSideMenu/SideMenu.framework",
			);
			name = "[CP] Embed Pods Frameworks";
			outputFileListPaths = (
			);
			outputPaths = (
				"${TARGET_BUILD_DIR}/${FRAMEWORKS_FOLDER_PATH}/SideMenu.framework",
			);
			runOnlyForDeploymentPostprocessing = 0;
			shellPath = /bin/sh;
			shellScript = "\"${SRCROOT}/Pods/Target Support Files/Pods-CS_Homepage/Pods-CS_Homepage-frameworks.sh\"\n";
			showEnvVarsInLog = 0;
		};
/* End PBXShellScriptBuildPhase section */

/* Begin PBXSourcesBuildPhase section */
		BAFF505F219D3DA900F2A848 /* Sources */ = {
			isa = PBXSourcesBuildPhase;
			buildActionMask = 2147483647;
			files = (
				BAFF508A219D566600F2A848 /* AnimationDelegate.swift in Sources */,
				BA0DF53D219DBD9C00642537 /* AboutHkuViewController.swift in Sources */,
				BAFF5069219D3DA900F2A848 /* ViewController.swift in Sources */,
				BA0DF530219DABB000642537 /* InstructorTableViewCell.swift in Sources */,
				BA0DF54E219E8AFF00642537 /* UILabel.swift in Sources */,
				BAFF507D219D46E800F2A848 /* SideMenuViewController.swift in Sources */,
				BA0DF539219DB88D00642537 /* DirectorMsgViewController.swift in Sources */,
				BAFF5067219D3DA900F2A848 /* AppDelegate.swift in Sources */,
				BA0DF545219DC94D00642537 /* SubmenuTableViewCell.swift in Sources */,
				BA0DF52C219D9C1E00642537 /* UIButton.swift in Sources */,
				BA0DF540219DBF9D00642537 /* StringUtility.swift in Sources */,
				BAFF5086219D563900F2A848 /* CircularRevealTransitionAnimator.swift in Sources */,
				BA0DF537219DB87900642537 /* FacultyViewController.swift in Sources */,
				BAFF508E219D62AC00F2A848 /* UITableViewCell.swift in Sources */,
				BA0DF52A219D95BB00642537 /* HomePageViewController.swift in Sources */,
				BA0DF54B219DCD4100642537 /* SubmenuViewController.swift in Sources */,
				BAFF5088219D564D00F2A848 /* CircularRevealAnimator.swift in Sources */,
			);
			runOnlyForDeploymentPostprocessing = 0;
		};
/* End PBXSourcesBuildPhase section */

/* Begin PBXVariantGroup section */
		BAFF506A219D3DA900F2A848 /* Main.storyboard */ = {
			isa = PBXVariantGroup;
			children = (
				BAFF506B219D3DA900F2A848 /* Base */,
			);
			name = Main.storyboard;
			sourceTree = "<group>";
		};
		BAFF506F219D3DAA00F2A848 /* LaunchScreen.storyboard */ = {
			isa = PBXVariantGroup;
			children = (
				BAFF5070219D3DAA00F2A848 /* Base */,
			);
			name = LaunchScreen.storyboard;
			sourceTree = "<group>";
		};
/* End PBXVariantGroup section */

/* Begin XCBuildConfiguration section */
		BAFF5073219D3DAA00F2A848 /* Debug */ = {
			isa = XCBuildConfiguration;
			buildSettings = {
				ALWAYS_SEARCH_USER_PATHS = NO;
				CLANG_ANALYZER_NONNULL = YES;
				CLANG_ANALYZER_NUMBER_OBJECT_CONVERSION = YES_AGGRESSIVE;
				CLANG_CXX_LANGUAGE_STANDARD = "gnu++14";
				CLANG_CXX_LIBRARY = "libc++";
				CLANG_ENABLE_MODULES = YES;
				CLANG_ENABLE_OBJC_ARC = YES;
				CLANG_ENABLE_OBJC_WEAK = YES;
				CLANG_WARN_BLOCK_CAPTURE_AUTORELEASING = YES;
				CLANG_WARN_BOOL_CONVERSION = YES;
				CLANG_WARN_COMMA = YES;
				CLANG_WARN_CONSTANT_CONVERSION = YES;
				CLANG_WARN_DEPRECATED_OBJC_IMPLEMENTATIONS = YES;
				CLANG_WARN_DIRECT_OBJC_ISA_USAGE = YES_ERROR;
				CLANG_WARN_DOCUMENTATION_COMMENTS = YES;
				CLANG_WARN_EMPTY_BODY = YES;
				CLANG_WARN_ENUM_CONVERSION = YES;
				CLANG_WARN_INFINITE_RECURSION = YES;
				CLANG_WARN_INT_CONVERSION = YES;
				CLANG_WARN_NON_LITERAL_NULL_CONVERSION = YES;
				CLANG_WARN_OBJC_IMPLICIT_RETAIN_SELF = YES;
				CLANG_WARN_OBJC_LITERAL_CONVERSION = YES;
				CLANG_WARN_OBJC_ROOT_CLASS = YES_ERROR;
				CLANG_WARN_RANGE_LOOP_ANALYSIS = YES;
				CLANG_WARN_STRICT_PROTOTYPES = YES;
				CLANG_WARN_SUSPICIOUS_MOVE = YES;
				CLANG_WARN_UNGUARDED_AVAILABILITY = YES_AGGRESSIVE;
				CLANG_WARN_UNREACHABLE_CODE = YES;
				CLANG_WARN__DUPLICATE_METHOD_MATCH = YES;
				CODE_SIGN_IDENTITY = "iPhone Developer";
				COPY_PHASE_STRIP = NO;
				DEBUG_INFORMATION_FORMAT = dwarf;
				ENABLE_STRICT_OBJC_MSGSEND = YES;
				ENABLE_TESTABILITY = YES;
				GCC_C_LANGUAGE_STANDARD = gnu11;
				GCC_DYNAMIC_NO_PIC = NO;
				GCC_NO_COMMON_BLOCKS = YES;
				GCC_OPTIMIZATION_LEVEL = 0;
				GCC_PREPROCESSOR_DEFINITIONS = (
					"DEBUG=1",
					"$(inherited)",
				);
				GCC_WARN_64_TO_32_BIT_CONVERSION = YES;
				GCC_WARN_ABOUT_RETURN_TYPE = YES_ERROR;
				GCC_WARN_UNDECLARED_SELECTOR = YES;
				GCC_WARN_UNINITIALIZED_AUTOS = YES_AGGRESSIVE;
				GCC_WARN_UNUSED_FUNCTION = YES;
				GCC_WARN_UNUSED_VARIABLE = YES;
				IPHONEOS_DEPLOYMENT_TARGET = 12.0;
				MTL_ENABLE_DEBUG_INFO = INCLUDE_SOURCE;
				MTL_FAST_MATH = YES;
				ONLY_ACTIVE_ARCH = YES;
				SDKROOT = iphoneos;
				SWIFT_ACTIVE_COMPILATION_CONDITIONS = DEBUG;
				SWIFT_OPTIMIZATION_LEVEL = "-Onone";
			};
			name = Debug;
		};
		BAFF5074219D3DAA00F2A848 /* Release */ = {
			isa = XCBuildConfiguration;
			buildSettings = {
				ALWAYS_SEARCH_USER_PATHS = NO;
				CLANG_ANALYZER_NONNULL = YES;
				CLANG_ANALYZER_NUMBER_OBJECT_CONVERSION = YES_AGGRESSIVE;
				CLANG_CXX_LANGUAGE_STANDARD = "gnu++14";
				CLANG_CXX_LIBRARY = "libc++";
				CLANG_ENABLE_MODULES = YES;
				CLANG_ENABLE_OBJC_ARC = YES;
				CLANG_ENABLE_OBJC_WEAK = YES;
				CLANG_WARN_BLOCK_CAPTURE_AUTORELEASING = YES;
				CLANG_WARN_BOOL_CONVERSION = YES;
				CLANG_WARN_COMMA = YES;
				CLANG_WARN_CONSTANT_CONVERSION = YES;
				CLANG_WARN_DEPRECATED_OBJC_IMPLEMENTATIONS = YES;
				CLANG_WARN_DIRECT_OBJC_ISA_USAGE = YES_ERROR;
				CLANG_WARN_DOCUMENTATION_COMMENTS = YES;
				CLANG_WARN_EMPTY_BODY = YES;
				CLANG_WARN_ENUM_CONVERSION = YES;
				CLANG_WARN_INFINITE_RECURSION = YES;
				CLANG_WARN_INT_CONVERSION = YES;
				CLANG_WARN_NON_LITERAL_NULL_CONVERSION = YES;
				CLANG_WARN_OBJC_IMPLICIT_RETAIN_SELF = YES;
				CLANG_WARN_OBJC_LITERAL_CONVERSION = YES;
				CLANG_WARN_OBJC_ROOT_CLASS = YES_ERROR;
				CLANG_WARN_RANGE_LOOP_ANALYSIS = YES;
				CLANG_WARN_STRICT_PROTOTYPES = YES;
				CLANG_WARN_SUSPICIOUS_MOVE = YES;
				CLANG_WARN_UNGUARDED_AVAILABILITY = YES_AGGRESSIVE;
				CLANG_WARN_UNREACHABLE_CODE = YES;
				CLANG_WARN__DUPLICATE_METHOD_MATCH = YES;
				CODE_SIGN_IDENTITY = "iPhone Developer";
				COPY_PHASE_STRIP = NO;
				DEBUG_INFORMATION_FORMAT = "dwarf-with-dsym";
				ENABLE_NS_ASSERTIONS = NO;
				ENABLE_STRICT_OBJC_MSGSEND = YES;
				GCC_C_LANGUAGE_STANDARD = gnu11;
				GCC_NO_COMMON_BLOCKS = YES;
				GCC_WARN_64_TO_32_BIT_CONVERSION = YES;
				GCC_WARN_ABOUT_RETURN_TYPE = YES_ERROR;
				GCC_WARN_UNDECLARED_SELECTOR = YES;
				GCC_WARN_UNINITIALIZED_AUTOS = YES_AGGRESSIVE;
				GCC_WARN_UNUSED_FUNCTION = YES;
				GCC_WARN_UNUSED_VARIABLE = YES;
				IPHONEOS_DEPLOYMENT_TARGET = 12.0;
				MTL_ENABLE_DEBUG_INFO = NO;
				MTL_FAST_MATH = YES;
				SDKROOT = iphoneos;
				SWIFT_COMPILATION_MODE = wholemodule;
				SWIFT_OPTIMIZATION_LEVEL = "-O";
				VALIDATE_PRODUCT = YES;
			};
			name = Release;
		};
		BAFF5076219D3DAA00F2A848 /* Debug */ = {
			isa = XCBuildConfiguration;
			baseConfigurationReference = CEED484590CD9B0AD87F0587 /* Pods-CS_Homepage.debug.xcconfig */;
			buildSettings = {
				ASSETCATALOG_COMPILER_APPICON_NAME = AppIcon;
				CODE_SIGN_STYLE = Automatic;
				INFOPLIST_FILE = CS_Homepage/Info.plist;
				LD_RUNPATH_SEARCH_PATHS = (
					"$(inherited)",
					"@executable_path/Frameworks",
				);
				PRODUCT_BUNDLE_IDENTIFIER = "com.jenny.cshomepage.CS-Homepage";
				PRODUCT_NAME = "$(TARGET_NAME)";
				SWIFT_VERSION = 4.2;
				TARGETED_DEVICE_FAMILY = "1,2";
			};
			name = Debug;
		};
		BAFF5077219D3DAA00F2A848 /* Release */ = {
			isa = XCBuildConfiguration;
			baseConfigurationReference = A4165A733891E935E5879A13 /* Pods-CS_Homepage.release.xcconfig */;
			buildSettings = {
				ASSETCATALOG_COMPILER_APPICON_NAME = AppIcon;
				CODE_SIGN_STYLE = Automatic;
				INFOPLIST_FILE = CS_Homepage/Info.plist;
				LD_RUNPATH_SEARCH_PATHS = (
					"$(inherited)",
					"@executable_path/Frameworks",
				);
				PRODUCT_BUNDLE_IDENTIFIER = "com.jenny.cshomepage.CS-Homepage";
				PRODUCT_NAME = "$(TARGET_NAME)";
				SWIFT_VERSION = 4.2;
				TARGETED_DEVICE_FAMILY = "1,2";
			};
			name = Release;
		};
/* End XCBuildConfiguration section */

/* Begin XCConfigurationList section */
		BAFF505E219D3DA900F2A848 /* Build configuration list for PBXProject "CS_Homepage" */ = {
			isa = XCConfigurationList;
			buildConfigurations = (
				BAFF5073219D3DAA00F2A848 /* Debug */,
				BAFF5074219D3DAA00F2A848 /* Release */,
			);
			defaultConfigurationIsVisible = 0;
			defaultConfigurationName = Release;
		};
		BAFF5075219D3DAA00F2A848 /* Build configuration list for PBXNativeTarget "CS_Homepage" */ = {
			isa = XCConfigurationList;
			buildConfigurations = (
				BAFF5076219D3DAA00F2A848 /* Debug */,
				BAFF5077219D3DAA00F2A848 /* Release */,
			);
			defaultConfigurationIsVisible = 0;
			defaultConfigurationName = Release;
		};
/* End XCConfigurationList section */
	};
	rootObject = BAFF505B219D3DA900F2A848 /* Project object */;
}
